
Microsoft Visual Studio Solution File, Format Version 12.00
# Visual Studio Version 17
VisualStudioVersion = 17.11.35222.181
MinimumVisualStudioVersion = 10.0.40219.1
Project("{FAE04EC0-301F-11D3-BF4B-00C04F79EFBC}") = "TrackerApi", "TrackerApi\TrackerApi.csproj", "{7AF4A4FA-F337-4B8D-9762-5209EE9B4B15}"
EndProject
Project("{FAE04EC0-301F-11D3-BF4B-00C04F79EFBC}") = "TrackerApi.Domain", "TrackerApi.Domain\TrackerApi.Domain.csproj", "{33230E6D-74F3-4EB9-B31B-8B8B94610B69}"
EndProject
Global
	GlobalSection(SolutionConfigurationPlatforms) = preSolution
		Debug|Any CPU = Debug|Any CPU
		Release|Any CPU = Release|Any CPU
	EndGlobalSection
	GlobalSection(ProjectConfigurationPlatforms) = postSolution
		{7AF4A4FA-F337-4B8D-9762-5209EE9B4B15}.Debug|Any CPU.ActiveCfg = Debug|Any CPU
		{7AF4A4FA-F337-4B8D-9762-5209EE9B4B15}.Debug|Any CPU.Build.0 = Debug|Any CPU
		{7AF4A4FA-F337-4B8D-9762-5209EE9B4B15}.Release|Any CPU.ActiveCfg = Release|Any CPU
		{7AF4A4FA-F337-4B8D-9762-5209EE9B4B15}.Release|Any CPU.Build.0 = Release|Any CPU
		{33230E6D-74F3-4EB9-B31B-8B8B94610B69}.Debug|Any CPU.ActiveCfg = Debug|Any CPU
		{33230E6D-74F3-4EB9-B31B-8B8B94610B69}.Debug|Any CPU.Build.0 = Debug|Any CPU
		{33230E6D-74F3-4EB9-B31B-8B8B94610B69}.Release|Any CPU.ActiveCfg = Release|Any CPU
		{33230E6D-74F3-4EB9-B31B-8B8B94610B69}.Release|Any CPU.Build.0 = Release|Any CPU
	EndGlobalSection
	GlobalSection(SolutionProperties) = preSolution
		HideSolutionNode = FALSE
	EndGlobalSection
	GlobalSection(ExtensibilityGlobals) = postSolution
		SolutionGuid = {7B21E00D-3F5F-4A2C-940D-D8CC2B84456F}
	EndGlobalSection
EndGlobal
